
Microsoft Visual Studio Solution File, Format Version 12.00
# Visual Studio Version 16
VisualStudioVersion = 16.0.31205.134
MinimumVisualStudioVersion = 10.0.40219.1
Project("{9A19103F-16F7-4668-BE54-9A1E7A4F7556}") = "PaymentGatewayAPI", "PaymentGatewayAPI\PaymentGatewayAPI.csproj", "{6C5D8169-A6F7-4273-99BD-F7C39035187B}"
EndProject
Project("{FAE04EC0-301F-11D3-BF4B-00C04F79EFBC}") = "PaymentGatewayAPI.Services", "PaymentGatewayAPI.Services\PaymentGatewayAPI.Services.csproj", "{4FA32F24-AB7B-4147-B00F-C2299942AF6D}"
EndProject
Project("{FAE04EC0-301F-11D3-BF4B-00C04F79EFBC}") = "PaymentGatewayAPI.Dto", "PaymentGatewayAPI.Dto\PaymentGatewayAPI.Dto.csproj", "{735F658B-04C4-4E90-9AD7-88A1D728CD63}"
EndProject
Project("{FAE04EC0-301F-11D3-BF4B-00C04F79EFBC}") = "PaymentGatewaAPI.PaymentStrategy", "PaymentGatewaAPI.PaymentStrategy\PaymentGatewaAPI.PaymentStrategy.csproj", "{61EF2F65-0D58-4995-B84E-56D4C38174AA}"
EndProject
Project("{FAE04EC0-301F-11D3-BF4B-00C04F79EFBC}") = "PaymentGatewayAPI.Configuration", "PaymentGatewayAPI.Configuration\PaymentGatewayAPI.Configuration.csproj", "{237767DA-E398-4C76-8556-6659E61315D2}"
EndProject
Global
	GlobalSection(SolutionConfigurationPlatforms) = preSolution
		Debug|Any CPU = Debug|Any CPU
		Release|Any CPU = Release|Any CPU
	EndGlobalSection
	GlobalSection(ProjectConfigurationPlatforms) = postSolution
		{6C5D8169-A6F7-4273-99BD-F7C39035187B}.Debug|Any CPU.ActiveCfg = Debug|Any CPU
		{6C5D8169-A6F7-4273-99BD-F7C39035187B}.Debug|Any CPU.Build.0 = Debug|Any CPU
		{6C5D8169-A6F7-4273-99BD-F7C39035187B}.Release|Any CPU.ActiveCfg = Release|Any CPU
		{6C5D8169-A6F7-4273-99BD-F7C39035187B}.Release|Any CPU.Build.0 = Release|Any CPU
		{4FA32F24-AB7B-4147-B00F-C2299942AF6D}.Debug|Any CPU.ActiveCfg = Debug|Any CPU
		{4FA32F24-AB7B-4147-B00F-C2299942AF6D}.Debug|Any CPU.Build.0 = Debug|Any CPU
		{4FA32F24-AB7B-4147-B00F-C2299942AF6D}.Release|Any CPU.ActiveCfg = Release|Any CPU
		{4FA32F24-AB7B-4147-B00F-C2299942AF6D}.Release|Any CPU.Build.0 = Release|Any CPU
		{735F658B-04C4-4E90-9AD7-88A1D728CD63}.Debug|Any CPU.ActiveCfg = Debug|Any CPU
		{735F658B-04C4-4E90-9AD7-88A1D728CD63}.Debug|Any CPU.Build.0 = Debug|Any CPU
		{735F658B-04C4-4E90-9AD7-88A1D728CD63}.Release|Any CPU.ActiveCfg = Release|Any CPU
		{735F658B-04C4-4E90-9AD7-88A1D728CD63}.Release|Any CPU.Build.0 = Release|Any CPU
		{61EF2F65-0D58-4995-B84E-56D4C38174AA}.Debug|Any CPU.ActiveCfg = Debug|Any CPU
		{61EF2F65-0D58-4995-B84E-56D4C38174AA}.Debug|Any CPU.Build.0 = Debug|Any CPU
		{61EF2F65-0D58-4995-B84E-56D4C38174AA}.Release|Any CPU.ActiveCfg = Release|Any CPU
		{61EF2F65-0D58-4995-B84E-56D4C38174AA}.Release|Any CPU.Build.0 = Release|Any CPU
		{237767DA-E398-4C76-8556-6659E61315D2}.Debug|Any CPU.ActiveCfg = Debug|Any CPU
		{237767DA-E398-4C76-8556-6659E61315D2}.Debug|Any CPU.Build.0 = Debug|Any CPU
		{237767DA-E398-4C76-8556-6659E61315D2}.Release|Any CPU.ActiveCfg = Release|Any CPU
		{237767DA-E398-4C76-8556-6659E61315D2}.Release|Any CPU.Build.0 = Release|Any CPU
	EndGlobalSection
	GlobalSection(SolutionProperties) = preSolution
		HideSolutionNode = FALSE
	EndGlobalSection
	GlobalSection(ExtensibilityGlobals) = postSolution
		SolutionGuid = {AFC7A00B-7A4F-4712-8EE2-C0FA6CB02018}
	EndGlobalSection
EndGlobal
